
Microsoft Visual Studio Solution File, Format Version 12.00
# Visual Studio Version 17
VisualStudioVersion = 17.4.33213.308
MinimumVisualStudioVersion = 10.0.40219.1
Project("{9A19103F-16F7-4668-BE54-9A1E7A4F7556}") = "SchedulingAppointments", "SchedulingAppointments\SchedulingAppointments.csproj", "{3BD29BF4-55E0-46DD-B58B-94A39BDCC5F2}"
EndProject
Project("{2150E333-8FDC-42A3-9474-1A3956D46DE8}") = "src", "src", "{CB9E00C0-CBFD-4AAD-A5FA-6E79A6E4C488}"
EndProject
Project("{2150E333-8FDC-42A3-9474-1A3956D46DE8}") = "tests", "tests", "{CAFEBFDA-A780-40D0-BF7D-440BA4E49D17}"
	ProjectSection(SolutionItems) = preProject
		..\test\config.js = ..\test\config.js
		..\test\package-lock.json = ..\test\package-lock.json
		..\test\package.json = ..\test\package.json
		..\test\tests\test.spec.js = ..\test\tests\test.spec.js
	EndProjectSection
EndProject
Project("{2150E333-8FDC-42A3-9474-1A3956D46DE8}") = "providers", "providers", "{FA4464AB-3DF9-4BD1-822C-97F9D69B7B56}"
	ProjectSection(SolutionItems) = preProject
		..\providers\providers.json = ..\providers\providers.json
	EndProjectSection
EndProject
Project("{2150E333-8FDC-42A3-9474-1A3956D46DE8}") = "Solution Items", "Solution Items", "{50BD2051-4ABD-4199-BFB2-A8FC47D418A5}"
	ProjectSection(SolutionItems) = preProject
		..\.gitignore = ..\.gitignore
		..\readme.md = ..\readme.md
	EndProjectSection
EndProject
Project("{9A19103F-16F7-4668-BE54-9A1E7A4F7556}") = "SchedulingAppointments.Domain", "SchedulingAppointments.Domain\SchedulingAppointments.Domain.csproj", "{A3B1E16F-16F2-4CA3-B170-1D48F0CDC44B}"
EndProject
Project("{9A19103F-16F7-4668-BE54-9A1E7A4F7556}") = "SchedulingAppointments.Infra", "SchedulingAppointments.Infra\SchedulingAppointments.Infra.csproj", "{42B0B3B3-6A86-4893-A9B7-F6FE25A1138F}"
EndProject
Global
	GlobalSection(SolutionConfigurationPlatforms) = preSolution
		Debug|Any CPU = Debug|Any CPU
		Release|Any CPU = Release|Any CPU
	EndGlobalSection
	GlobalSection(ProjectConfigurationPlatforms) = postSolution
		{3BD29BF4-55E0-46DD-B58B-94A39BDCC5F2}.Debug|Any CPU.ActiveCfg = Debug|Any CPU
		{3BD29BF4-55E0-46DD-B58B-94A39BDCC5F2}.Debug|Any CPU.Build.0 = Debug|Any CPU
		{3BD29BF4-55E0-46DD-B58B-94A39BDCC5F2}.Release|Any CPU.ActiveCfg = Release|Any CPU
		{3BD29BF4-55E0-46DD-B58B-94A39BDCC5F2}.Release|Any CPU.Build.0 = Release|Any CPU
		{A3B1E16F-16F2-4CA3-B170-1D48F0CDC44B}.Debug|Any CPU.ActiveCfg = Debug|Any CPU
		{A3B1E16F-16F2-4CA3-B170-1D48F0CDC44B}.Debug|Any CPU.Build.0 = Debug|Any CPU
		{A3B1E16F-16F2-4CA3-B170-1D48F0CDC44B}.Release|Any CPU.ActiveCfg = Release|Any CPU
		{A3B1E16F-16F2-4CA3-B170-1D48F0CDC44B}.Release|Any CPU.Build.0 = Release|Any CPU
		{42B0B3B3-6A86-4893-A9B7-F6FE25A1138F}.Debug|Any CPU.ActiveCfg = Debug|Any CPU
		{42B0B3B3-6A86-4893-A9B7-F6FE25A1138F}.Debug|Any CPU.Build.0 = Debug|Any CPU
		{42B0B3B3-6A86-4893-A9B7-F6FE25A1138F}.Release|Any CPU.ActiveCfg = Release|Any CPU
		{42B0B3B3-6A86-4893-A9B7-F6FE25A1138F}.Release|Any CPU.Build.0 = Release|Any CPU
	EndGlobalSection
	GlobalSection(SolutionProperties) = preSolution
		HideSolutionNode = FALSE
	EndGlobalSection
	GlobalSection(NestedProjects) = preSolution
		{3BD29BF4-55E0-46DD-B58B-94A39BDCC5F2} = {CB9E00C0-CBFD-4AAD-A5FA-6E79A6E4C488}
		{A3B1E16F-16F2-4CA3-B170-1D48F0CDC44B} = {CB9E00C0-CBFD-4AAD-A5FA-6E79A6E4C488}
		{42B0B3B3-6A86-4893-A9B7-F6FE25A1138F} = {CB9E00C0-CBFD-4AAD-A5FA-6E79A6E4C488}
	EndGlobalSection
	GlobalSection(ExtensibilityGlobals) = postSolution
		SolutionGuid = {F577E4FC-A221-4F7A-BF73-17A6FF7FBAEE}
	EndGlobalSection
EndGlobal
